// !$*UTF8*$!
{
	archiveVersion = 1;
	classes = {
	};
	objectVersion = 46;
	objects = {

/* Begin PBXBuildFile section */
		CF2D39DB1D122E940092D02F /* AppDelegate.swift in Sources */ = {isa = PBXBuildFile; fileRef = CF2D39DA1D122E940092D02F /* AppDelegate.swift */; };
		CF2D39DD1D122E940092D02F /* ViewController.swift in Sources */ = {isa = PBXBuildFile; fileRef = CF2D39DC1D122E940092D02F /* ViewController.swift */; };
		CF2D39E01D122E940092D02F /* Main.storyboard in Resources */ = {isa = PBXBuildFile; fileRef = CF2D39DE1D122E940092D02F /* Main.storyboard */; };
		CF2D39E21D122E940092D02F /* Assets.xcassets in Resources */ = {isa = PBXBuildFile; fileRef = CF2D39E11D122E940092D02F /* Assets.xcassets */; };
		CF2D39E51D122E940092D02F /* LaunchScreen.storyboard in Resources */ = {isa = PBXBuildFile; fileRef = CF2D39E31D122E940092D02F /* LaunchScreen.storyboard */; };
		CF2D39F01D122E940092D02F /* MD5TESTTests.swift in Sources */ = {isa = PBXBuildFile; fileRef = CF2D39EF1D122E940092D02F /* MD5TESTTests.swift */; };
		CF2D39FB1D122E940092D02F /* MD5TESTUITests.swift in Sources */ = {isa = PBXBuildFile; fileRef = CF2D39FA1D122E940092D02F /* MD5TESTUITests.swift */; };
/* End PBXBuildFile section */

/* Begin PBXContainerItemProxy section */
		CF2D39EC1D122E940092D02F /* PBXContainerItemProxy */ = {
			isa = PBXContainerItemProxy;
			containerPortal = CF2D39CF1D122E940092D02F /* Project object */;
			proxyType = 1;
			remoteGlobalIDString = CF2D39D61D122E940092D02F;
			remoteInfo = MD5TEST;
		};
		CF2D39F71D122E940092D02F /* PBXContainerItemProxy */ = {
			isa = PBXContainerItemProxy;
			containerPortal = CF2D39CF1D122E940092D02F /* Project object */;
			proxyType = 1;
			remoteGlobalIDString = CF2D39D61D122E940092D02F;
			remoteInfo = MD5TEST;
		};
/* End PBXContainerItemProxy section */

/* Begin PBXFileReference section */
		CF2D39D71D122E940092D02F /* MD5TEST.app */ = {isa = PBXFileReference; explicitFileType = wrapper.application; includeInIndex = 0; path = MD5TEST.app; sourceTree = BUILT_PRODUCTS_DIR; };
		CF2D39DA1D122E940092D02F /* AppDelegate.swift */ = {isa = PBXFileReference; lastKnownFileType = sourcecode.swift; path = AppDelegate.swift; sourceTree = "<group>"; };
		CF2D39DC1D122E940092D02F /* ViewController.swift */ = {isa = PBXFileReference; lastKnownFileType = sourcecode.swift; path = ViewController.swift; sourceTree = "<group>"; };
		CF2D39DF1D122E940092D02F /* Base */ = {isa = PBXFileReference; lastKnownFileType = file.storyboard; name = Base; path = Base.lproj/Main.storyboard; sourceTree = "<group>"; };
		CF2D39E11D122E940092D02F /* Assets.xcassets */ = {isa = PBXFileReference; lastKnownFileType = folder.assetcatalog; path = Assets.xcassets; sourceTree = "<group>"; };
		CF2D39E41D122E940092D02F /* Base */ = {isa = PBXFileReference; lastKnownFileType = file.storyboard; name = Base; path = Base.lproj/LaunchScreen.storyboard; sourceTree = "<group>"; };
		CF2D39E61D122E940092D02F /* Info.plist */ = {isa = PBXFileReference; lastKnownFileType = text.plist.xml; path = Info.plist; sourceTree = "<group>"; };
		CF2D39EB1D122E940092D02F /* MD5TESTTests.xctest */ = {isa = PBXFileReference; explicitFileType = wrapper.cfbundle; includeInIndex = 0; path = MD5TESTTests.xctest; sourceTree = BUILT_PRODUCTS_DIR; };
		CF2D39EF1D122E940092D02F /* MD5TESTTests.swift */ = {isa = PBXFileReference; lastKnownFileType = sourcecode.swift; path = MD5TESTTests.swift; sourceTree = "<group>"; };
		CF2D39F11D122E940092D02F /* Info.plist */ = {isa = PBXFileReference; lastKnownFileType = text.plist.xml; path = Info.plist; sourceTree = "<group>"; };
		CF2D39F61D122E940092D02F /* MD5TESTUITests.xctest */ = {isa = PBXFileReference; explicitFileType = wrapper.cfbundle; includeInIndex = 0; path = MD5TESTUITests.xctest; sourceTree = BUILT_PRODUCTS_DIR; };
		CF2D39FA1D122E940092D02F /* MD5TESTUITests.swift */ = {isa = PBXFileReference; lastKnownFileType = sourcecode.swift; path = MD5TESTUITests.swift; sourceTree = "<group>"; };
		CF2D39FC1D122E940092D02F /* Info.plist */ = {isa = PBXFileReference; lastKnownFileType = text.plist.xml; path = Info.plist; sourceTree = "<group>"; };
/* End PBXFileReference section */

/* Begin PBXFrameworksBuildPhase section */
		CF2D39D41D122E940092D02F /* Frameworks */ = {
			isa = PBXFrameworksBuildPhase;
			buildActionMask = 2147483647;
			files = (
			);
			runOnlyForDeploymentPostprocessing = 0;
		};
		CF2D39E81D122E940092D02F /* Frameworks */ = {
			isa = PBXFrameworksBuildPhase;
			buildActionMask = 2147483647;
			files = (
			);
			runOnlyForDeploymentPostprocessing = 0;
		};
		CF2D39F31D122E940092D02F /* Frameworks */ = {
			isa = PBXFrameworksBuildPhase;
			buildActionMask = 2147483647;
			files = (
			);
			runOnlyForDeploymentPostprocessing = 0;
		};
/* End PBXFrameworksBuildPhase section */

/* Begin PBXGroup section */
		CF2D39CE1D122E940092D02F = {
			isa = PBXGroup;
			children = (
				CF2D39D91D122E940092D02F /* MD5TEST */,
				CF2D39EE1D122E940092D02F /* MD5TESTTests */,
				CF2D39F91D122E940092D02F /* MD5TESTUITests */,
				CF2D39D81D122E940092D02F /* Products */,
			);
			sourceTree = "<group>";
		};
		CF2D39D81D122E940092D02F /* Products */ = {
			isa = PBXGroup;
			children = (
				CF2D39D71D122E940092D02F /* MD5TEST.app */,
				CF2D39EB1D122E940092D02F /* MD5TESTTests.xctest */,
				CF2D39F61D122E940092D02F /* MD5TESTUITests.xctest */,
			);
			name = Products;
			sourceTree = "<group>";
		};
		CF2D39D91D122E940092D02F /* MD5TEST */ = {
			isa = PBXGroup;
			children = (
				CF2D39DA1D122E940092D02F /* AppDelegate.swift */,
				CF2D39DC1D122E940092D02F /* ViewController.swift */,
				CF2D39DE1D122E940092D02F /* Main.storyboard */,
				CF2D39E11D122E940092D02F /* Assets.xcassets */,
				CF2D39E31D122E940092D02F /* LaunchScreen.storyboard */,
				CF2D39E61D122E940092D02F /* Info.plist */,
			);
			path = MD5TEST;
			sourceTree = "<group>";
		};
		CF2D39EE1D122E940092D02F /* MD5TESTTests */ = {
			isa = PBXGroup;
			children = (
				CF2D39EF1D122E940092D02F /* MD5TESTTests.swift */,
				CF2D39F11D122E940092D02F /* Info.plist */,
			);
			path = MD5TESTTests;
			sourceTree = "<group>";
		};
		CF2D39F91D122E940092D02F /* MD5TESTUITests */ = {
			isa = PBXGroup;
			children = (
				CF2D39FA1D122E940092D02F /* MD5TESTUITests.swift */,
				CF2D39FC1D122E940092D02F /* Info.plist */,
			);
			path = MD5TESTUITests;
			sourceTree = "<group>";
		};
/* End PBXGroup section */

/* Begin PBXNativeTarget section */
		CF2D39D61D122E940092D02F /* MD5TEST */ = {
			isa = PBXNativeTarget;
			buildConfigurationList = CF2D39FF1D122E940092D02F /* Build configuration list for PBXNativeTarget "MD5TEST" */;
			buildPhases = (
				CF2D39D31D122E940092D02F /* Sources */,
				CF2D39D41D122E940092D02F /* Frameworks */,
				CF2D39D51D122E940092D02F /* Resources */,
			);
			buildRules = (
			);
			dependencies = (
			);
			name = MD5TEST;
			productName = MD5TEST;
			productReference = CF2D39D71D122E940092D02F /* MD5TEST.app */;
			productType = "com.apple.product-type.application";
		};
		CF2D39EA1D122E940092D02F /* MD5TESTTests */ = {
			isa = PBXNativeTarget;
			buildConfigurationList = CF2D3A021D122E940092D02F /* Build configuration list for PBXNativeTarget "MD5TESTTests" */;
			buildPhases = (
				CF2D39E71D122E940092D02F /* Sources */,
				CF2D39E81D122E940092D02F /* Frameworks */,
				CF2D39E91D122E940092D02F /* Resources */,
			);
			buildRules = (
			);
			dependencies = (
				CF2D39ED1D122E940092D02F /* PBXTargetDependency */,
			);
			name = MD5TESTTests;
			productName = MD5TESTTests;
			productReference = CF2D39EB1D122E940092D02F /* MD5TESTTests.xctest */;
			productType = "com.apple.product-type.bundle.unit-test";
		};
		CF2D39F51D122E940092D02F /* MD5TESTUITests */ = {
			isa = PBXNativeTarget;
			buildConfigurationList = CF2D3A051D122E940092D02F /* Build configuration list for PBXNativeTarget "MD5TESTUITests" */;
			buildPhases = (
				CF2D39F21D122E940092D02F /* Sources */,
				CF2D39F31D122E940092D02F /* Frameworks */,
				CF2D39F41D122E940092D02F /* Resources */,
			);
			buildRules = (
			);
			dependencies = (
				CF2D39F81D122E940092D02F /* PBXTargetDependency */,
			);
			name = MD5TESTUITests;
			productName = MD5TESTUITests;
			productReference = CF2D39F61D122E940092D02F /* MD5TESTUITests.xctest */;
			productType = "com.apple.product-type.bundle.ui-testing";
		};
/* End PBXNativeTarget section */

/* Begin PBXProject section */
		CF2D39CF1D122E940092D02F /* Project object */ = {
			isa = PBXProject;
			attributes = {
				LastSwiftUpdateCheck = 0730;
				LastUpgradeCheck = 0730;
				ORGANIZATIONNAME = "yeehot org";
				TargetAttributes = {
					CF2D39D61D122E940092D02F = {
						CreatedOnToolsVersion = 7.3.1;
					};
					CF2D39EA1D122E940092D02F = {
						CreatedOnToolsVersion = 7.3.1;
						TestTargetID = CF2D39D61D122E940092D02F;
					};
					CF2D39F51D122E940092D02F = {
						CreatedOnToolsVersion = 7.3.1;
						TestTargetID = CF2D39D61D122E940092D02F;
					};
				};
			};
			buildConfigurationList = CF2D39D21D122E940092D02F /* Build configuration list for PBXProject "MD5TEST" */;
			compatibilityVersion = "Xcode 3.2";
			developmentRegion = English;
			hasScannedForEncodings = 0;
			knownRegions = (
				en,
				Base,
			);
			mainGroup = CF2D39CE1D122E940092D02F;
			productRefGroup = CF2D39D81D122E940092D02F /* Products */;
			projectDirPath = "";
			projectRoot = "";
			targets = (
				CF2D39D61D122E940092D02F /* MD5TEST */,
				CF2D39EA1D122E940092D02F /* MD5TESTTests */,
				CF2D39F51D122E940092D02F /* MD5TESTUITests */,
			);
		};
/* End PBXProject section */

/* Begin PBXResourcesBuildPhase section */
		CF2D39D51D122E940092D02F /* Resources */ = {
			isa = PBXResourcesBuildPhase;
			buildActionMask = 2147483647;
			files = (
				CF2D39E51D122E940092D02F /* LaunchScreen.storyboard in Resources */,
				CF2D39E21D122E940092D02F /* Assets.xcassets in Resources */,
				CF2D39E01D122E940092D02F /* Main.storyboard in Resources */,
			);
			runOnlyForDeploymentPostprocessing = 0;
		};
		CF2D39E91D122E940092D02F /* Resources */ = {
			isa = PBXResourcesBuildPhase;
			buildActionMask = 2147483647;
			files = (
			);
			runOnlyForDeploymentPostprocessing = 0;
		};
		CF2D39F41D122E940092D02F /* Resources */ = {
			isa = PBXResourcesBuildPhase;
			buildActionMask = 2147483647;
			files = (
			);
			runOnlyForDeploymentPostprocessing = 0;
		};
/* End PBXResourcesBuildPhase section */

/* Begin PBXSourcesBuildPhase section */
		CF2D39D31D122E940092D02F /* Sources */ = {
			isa = PBXSourcesBuildPhase;
			buildActionMask = 2147483647;
			files = (
				CF2D39DD1D122E940092D02F /* ViewController.swift in Sources */,
				CF2D39DB1D122E940092D02F /* AppDelegate.swift in Sources */,
			);
			runOnlyForDeploymentPostprocessing = 0;
		};
		CF2D39E71D122E940092D02F /* Sources */ = {
			isa = PBXSourcesBuildPhase;
			buildActionMask = 2147483647;
			files = (
				CF2D39F01D122E940092D02F /* MD5TESTTests.swift in Sources */,
			);
			runOnlyForDeploymentPostprocessing = 0;
		};
		CF2D39F21D122E940092D02F /* Sources */ = {
			isa = PBXSourcesBuildPhase;
			buildActionMask = 2147483647;
			files = (
				CF2D39FB1D122E940092D02F /* MD5TESTUITests.swift in Sources */,
			);
			runOnlyForDeploymentPostprocessing = 0;
		};
/* End PBXSourcesBuildPhase section */

/* Begin PBXTargetDependency section */
		CF2D39ED1D122E940092D02F /* PBXTargetDependency */ = {
			isa = PBXTargetDependency;
			target = CF2D39D61D122E940092D02F /* MD5TEST */;
			targetProxy = CF2D39EC1D122E940092D02F /* PBXContainerItemProxy */;
		};
		CF2D39F81D122E940092D02F /* PBXTargetDependency */ = {
			isa = PBXTargetDependency;
			target = CF2D39D61D122E940092D02F /* MD5TEST */;
			targetProxy = CF2D39F71D122E940092D02F /* PBXContainerItemProxy */;
		};
/* End PBXTargetDependency section */

/* Begin PBXVariantGroup section */
		CF2D39DE1D122E940092D02F /* Main.storyboard */ = {
			isa = PBXVariantGroup;
			children = (
				CF2D39DF1D122E940092D02F /* Base */,
			);
			name = Main.storyboard;
			sourceTree = "<group>";
		};
		CF2D39E31D122E940092D02F /* LaunchScreen.storyboard */ = {
			isa = PBXVariantGroup;
			children = (
				CF2D39E41D122E940092D02F /* Base */,
			);
			name = LaunchScreen.storyboard;
			sourceTree = "<group>";
		};
/* End PBXVariantGroup section */

/* Begin XCBuildConfiguration section */
		CF2D39FD1D122E940092D02F /* Debug */ = {
			isa = XCBuildConfiguration;
			buildSettings = {
				ALWAYS_SEARCH_USER_PATHS = NO;
				CLANG_ANALYZER_NONNULL = YES;
				CLANG_CXX_LANGUAGE_STANDARD = "gnu++0x";
				CLANG_CXX_LIBRARY = "libc++";
				CLANG_ENABLE_MODULES = YES;
				CLANG_ENABLE_OBJC_ARC = YES;
				CLANG_WARN_BOOL_CONVERSION = YES;
				CLANG_WARN_CONSTANT_CONVERSION = YES;
				CLANG_WARN_DIRECT_OBJC_ISA_USAGE = YES_ERROR;
				CLANG_WARN_EMPTY_BODY = YES;
				CLANG_WARN_ENUM_CONVERSION = YES;
				CLANG_WARN_INT_CONVERSION = YES;
				CLANG_WARN_OBJC_ROOT_CLASS = YES_ERROR;
				CLANG_WARN_UNREACHABLE_CODE = YES;
				CLANG_WARN__DUPLICATE_METHOD_MATCH = YES;
				"CODE_SIGN_IDENTITY[sdk=iphoneos*]" = "iPhone Developer";
				COPY_PHASE_STRIP = NO;
				DEBUG_INFORMATION_FORMAT = dwarf;
				ENABLE_STRICT_OBJC_MSGSEND = YES;
				ENABLE_TESTABILITY = YES;
				GCC_C_LANGUAGE_STANDARD = gnu99;
				GCC_DYNAMIC_NO_PIC = NO;
				GCC_NO_COMMON_BLOCKS = YES;
				GCC_OPTIMIZATION_LEVEL = 0;
				GCC_PREPROCESSOR_DEFINITIONS = (
					"DEBUG=1",
					"$(inherited)",
				);
				GCC_WARN_64_TO_32_BIT_CONVERSION = YES;
				GCC_WARN_ABOUT_RETURN_TYPE = YES_ERROR;
				GCC_WARN_UNDECLARED_SELECTOR = YES;
				GCC_WARN_UNINITIALIZED_AUTOS = YES_AGGRESSIVE;
				GCC_WARN_UNUSED_FUNCTION = YES;
				GCC_WARN_UNUSED_VARIABLE = YES;
				IPHONEOS_DEPLOYMENT_TARGET = 9.3;
				MTL_ENABLE_DEBUG_INFO = YES;
				ONLY_ACTIVE_ARCH = YES;
				SDKROOT = iphoneos;
				SWIFT_OPTIMIZATION_LEVEL = "-Onone";
			};
			name = Debug;
		};
		CF2D39FE1D122E940092D02F /* Release */ = {
			isa = XCBuildConfiguration;
			buildSettings = {
				ALWAYS_SEARCH_USER_PATHS = NO;
				CLANG_ANALYZER_NONNULL = YES;
				CLANG_CXX_LANGUAGE_STANDARD = "gnu++0x";
				CLANG_CXX_LIBRARY = "libc++";
				CLANG_ENABLE_MODULES = YES;
				CLANG_ENABLE_OBJC_ARC = YES;
				CLANG_WARN_BOOL_CONVERSION = YES;
				CLANG_WARN_CONSTANT_CONVERSION = YES;
				CLANG_WARN_DIRECT_OBJC_ISA_USAGE = YES_ERROR;
				CLANG_WARN_EMPTY_BODY = YES;
				CLANG_WARN_ENUM_CONVERSION = YES;
				CLANG_WARN_INT_CONVERSION = YES;
				CLANG_WARN_OBJC_ROOT_CLASS = YES_ERROR;
				CLANG_WARN_UNREACHABLE_CODE = YES;
				CLANG_WARN__DUPLICATE_METHOD_MATCH = YES;
				"CODE_SIGN_IDENTITY[sdk=iphoneos*]" = "iPhone Developer";
				COPY_PHASE_STRIP = NO;
				DEBUG_INFORMATION_FORMAT = "dwarf-with-dsym";
				ENABLE_NS_ASSERTIONS = NO;
				ENABLE_STRICT_OBJC_MSGSEND = YES;
				GCC_C_LANGUAGE_STANDARD = gnu99;
				GCC_NO_COMMON_BLOCKS = YES;
				GCC_WARN_64_TO_32_BIT_CONVERSION = YES;
				GCC_WARN_ABOUT_RETURN_TYPE = YES_ERROR;
				GCC_WARN_UNDECLARED_SELECTOR = YES;
				GCC_WARN_UNINITIALIZED_AUTOS = YES_AGGRESSIVE;
				GCC_WARN_UNUSED_FUNCTION = YES;
				GCC_WARN_UNUSED_VARIABLE = YES;
				IPHONEOS_DEPLOYMENT_TARGET = 9.3;
				MTL_ENABLE_DEBUG_INFO = NO;
				SDKROOT = iphoneos;
				VALIDATE_PRODUCT = YES;
			};
			name = Release;
		};
		CF2D3A001D122E940092D02F /* Debug */ = {
			isa = XCBuildConfiguration;
			buildSettings = {
				ASSETCATALOG_COMPILER_APPICON_NAME = AppIcon;
				INFOPLIST_FILE = MD5TEST/Info.plist;
				LD_RUNPATH_SEARCH_PATHS = "$(inherited) @executable_path/Frameworks";
				PRODUCT_BUNDLE_IDENTIFIER = com.yeehot.MD5TEST;
				PRODUCT_NAME = "$(TARGET_NAME)";
			};
			name = Debug;
		};
		CF2D3A011D122E940092D02F /* Release */ = {
			isa = XCBuildConfiguration;
			buildSettings = {
				ASSETCATALOG_COMPILER_APPICON_NAME = AppIcon;
				INFOPLIST_FILE = MD5TEST/Info.plist;
				LD_RUNPATH_SEARCH_PATHS = "$(inherited) @executable_path/Frameworks";
				PRODUCT_BUNDLE_IDENTIFIER = com.yeehot.MD5TEST;
				PRODUCT_NAME = "$(TARGET_NAME)";
			};
			name = Release;
		};
		CF2D3A031D122E940092D02F /* Debug */ = {
			isa = XCBuildConfiguration;
			buildSettings = {
				BUNDLE_LOADER = "$(TEST_HOST)";
				INFOPLIST_FILE = MD5TESTTests/Info.plist;
				LD_RUNPATH_SEARCH_PATHS = "$(inherited) @executable_path/Frameworks @loader_path/Frameworks";
				PRODUCT_BUNDLE_IDENTIFIER = com.yeehot.MD5TESTTests;
				PRODUCT_NAME = "$(TARGET_NAME)";
				TEST_HOST = "$(BUILT_PRODUCTS_DIR)/MD5TEST.app/MD5TEST";
			};
			name = Debug;
		};
		CF2D3A041D122E940092D02F /* Release */ = {
			isa = XCBuildConfiguration;
			buildSettings = {
				BUNDLE_LOADER = "$(TEST_HOST)";
				INFOPLIST_FILE = MD5TESTTests/Info.plist;
				LD_RUNPATH_SEARCH_PATHS = "$(inherited) @executable_path/Frameworks @loader_path/Frameworks";
				PRODUCT_BUNDLE_IDENTIFIER = com.yeehot.MD5TESTTests;
				PRODUCT_NAME = "$(TARGET_NAME)";
				TEST_HOST = "$(BUILT_PRODUCTS_DIR)/MD5TEST.app/MD5TEST";
			};
			name = Release;
		};
		CF2D3A061D122E940092D02F /* Debug */ = {
			isa = XCBuildConfiguration;
			buildSettings = {
				INFOPLIST_FILE = MD5TESTUITests/Info.plist;
				LD_RUNPATH_SEARCH_PATHS = "$(inherited) @executable_path/Frameworks @loader_path/Frameworks";
				PRODUCT_BUNDLE_IDENTIFIER = com.yeehot.MD5TESTUITests;
				PRODUCT_NAME = "$(TARGET_NAME)";
				TEST_TARGET_NAME = MD5TEST;
			};
			name = Debug;
		};
		CF2D3A071D122E940092D02F /* Release */ = {
			isa = XCBuildConfiguration;
			buildSettings = {
				INFOPLIST_FILE = MD5TESTUITests/Info.plist;
				LD_RUNPATH_SEARCH_PATHS = "$(inherited) @executable_path/Frameworks @loader_path/Frameworks";
				PRODUCT_BUNDLE_IDENTIFIER = com.yeehot.MD5TESTUITests;
				PRODUCT_NAME = "$(TARGET_NAME)";
				TEST_TARGET_NAME = MD5TEST;
			};
			name = Release;
		};
/* End XCBuildConfiguration section */

/* Begin XCConfigurationList section */
		CF2D39D21D122E940092D02F /* Build configuration list for PBXProject "MD5TEST" */ = {
			isa = XCConfigurationList;
			buildConfigurations = (
				CF2D39FD1D122E940092D02F /* Debug */,
				CF2D39FE1D122E940092D02F /* Release */,
			);
			defaultConfigurationIsVisible = 0;
			defaultConfigurationName = Release;
		};
		CF2D39FF1D122E940092D02F /* Build configuration list for PBXNativeTarget "MD5TEST" */ = {
			isa = XCConfigurationList;
			buildConfigurations = (
				CF2D3A001D122E940092D02F /* Debug */,
				CF2D3A011D122E940092D02F /* Release */,
			);
			defaultConfigurationIsVisible = 0;
		};
		CF2D3A021D122E940092D02F /* Build configuration list for PBXNativeTarget "MD5TESTTests" */ = {
			isa = XCConfigurationList;
			buildConfigurations = (
				CF2D3A031D122E940092D02F /* Debug */,
				CF2D3A041D122E940092D02F /* Release */,
			);
			defaultConfigurationIsVisible = 0;
		};
		CF2D3A051D122E940092D02F /* Build configuration list for PBXNativeTarget "MD5TESTUITests" */ = {
			isa = XCConfigurationList;
			buildConfigurations = (
				CF2D3A061D122E940092D02F /* Debug */,
				CF2D3A071D122E940092D02F /* Release */,
			);
			defaultConfigurationIsVisible = 0;
		};
/* End XCConfigurationList section */
	};
	rootObject = CF2D39CF1D122E940092D02F /* Project object */;
}
